
Microsoft Visual Studio Solution File, Format Version 12.00
# Visual Studio Version 16
VisualStudioVersion = 16.0.28803.156
MinimumVisualStudioVersion = 10.0.40219.1
Project("{FAE04EC0-301F-11D3-BF4B-00C04F79EFBC}") = "WPF_XKCD", "WPF_XKCD\WPF_XKCD.csproj", "{20F4F5A0-CFA4-43C7-869A-C5DFA859A004}"
EndProject
Project("{FAE04EC0-301F-11D3-BF4B-00C04F79EFBC}") = "DemoLibrary", "DemoLibrary\DemoLibrary.csproj", "{40811759-3205-4D08-8041-13282F73BACB}"
EndProject
Global
	GlobalSection(SolutionConfigurationPlatforms) = preSolution
		Debug|Any CPU = Debug|Any CPU
		Release|Any CPU = Release|Any CPU
	EndGlobalSection
	GlobalSection(ProjectConfigurationPlatforms) = postSolution
		{20F4F5A0-CFA4-43C7-869A-C5DFA859A004}.Debug|Any CPU.ActiveCfg = Debug|Any CPU
		{20F4F5A0-CFA4-43C7-869A-C5DFA859A004}.Debug|Any CPU.Build.0 = Debug|Any CPU
		{20F4F5A0-CFA4-43C7-869A-C5DFA859A004}.Release|Any CPU.ActiveCfg = Release|Any CPU
		{20F4F5A0-CFA4-43C7-869A-C5DFA859A004}.Release|Any CPU.Build.0 = Release|Any CPU
		{40811759-3205-4D08-8041-13282F73BACB}.Debug|Any CPU.ActiveCfg = Debug|Any CPU
		{40811759-3205-4D08-8041-13282F73BACB}.Debug|Any CPU.Build.0 = Debug|Any CPU
		{40811759-3205-4D08-8041-13282F73BACB}.Release|Any CPU.ActiveCfg = Release|Any CPU
		{40811759-3205-4D08-8041-13282F73BACB}.Release|Any CPU.Build.0 = Release|Any CPU
	EndGlobalSection
	GlobalSection(SolutionProperties) = preSolution
		HideSolutionNode = FALSE
	EndGlobalSection
	GlobalSection(ExtensibilityGlobals) = postSolution
		SolutionGuid = {3A3325F1-EF76-46B7-B481-FF2035C32591}
	EndGlobalSection
EndGlobal
